// !$*UTF8*$!
{
	archiveVersion = 1;
	classes = {
	};
	objectVersion = 50;
	objects = {

/* Begin PBXBuildFile section */
		B364124B243B99E10082F0F9 /* AppDelegate.swift in Sources */ = {isa = PBXBuildFile; fileRef = B364124A243B99E10082F0F9 /* AppDelegate.swift */; };
		B364124D243B99E10082F0F9 /* SceneDelegate.swift in Sources */ = {isa = PBXBuildFile; fileRef = B364124C243B99E10082F0F9 /* SceneDelegate.swift */; };
		B364124F243B99E10082F0F9 /* ContentView.swift in Sources */ = {isa = PBXBuildFile; fileRef = B364124E243B99E10082F0F9 /* ContentView.swift */; };
		B3641251243B99E20082F0F9 /* Assets.xcassets in Resources */ = {isa = PBXBuildFile; fileRef = B3641250243B99E20082F0F9 /* Assets.xcassets */; };
		B3641254243B99E20082F0F9 /* Preview Assets.xcassets in Resources */ = {isa = PBXBuildFile; fileRef = B3641253243B99E20082F0F9 /* Preview Assets.xcassets */; };
		B3641257243B99E20082F0F9 /* LaunchScreen.storyboard in Resources */ = {isa = PBXBuildFile; fileRef = B3641255243B99E20082F0F9 /* LaunchScreen.storyboard */; };
		B3641262243B99E20082F0F9 /* testTests.swift in Sources */ = {isa = PBXBuildFile; fileRef = B3641261243B99E20082F0F9 /* testTests.swift */; };
		B364126D243B99E20082F0F9 /* testUITests.swift in Sources */ = {isa = PBXBuildFile; fileRef = B364126C243B99E20082F0F9 /* testUITests.swift */; };
/* End PBXBuildFile section */

/* Begin PBXContainerItemProxy section */
		B364125E243B99E20082F0F9 /* PBXContainerItemProxy */ = {
			isa = PBXContainerItemProxy;
			containerPortal = B364123F243B99E10082F0F9 /* Project object */;
			proxyType = 1;
			remoteGlobalIDString = B3641246243B99E10082F0F9;
			remoteInfo = test;
		};
		B3641269243B99E20082F0F9 /* PBXContainerItemProxy */ = {
			isa = PBXContainerItemProxy;
			containerPortal = B364123F243B99E10082F0F9 /* Project object */;
			proxyType = 1;
			remoteGlobalIDString = B3641246243B99E10082F0F9;
			remoteInfo = test;
		};
/* End PBXContainerItemProxy section */

/* Begin PBXFileReference section */
		B3641247243B99E10082F0F9 /* test.app */ = {isa = PBXFileReference; explicitFileType = wrapper.application; includeInIndex = 0; path = test.app; sourceTree = BUILT_PRODUCTS_DIR; };
		B364124A243B99E10082F0F9 /* AppDelegate.swift */ = {isa = PBXFileReference; lastKnownFileType = sourcecode.swift; path = AppDelegate.swift; sourceTree = "<group>"; };
		B364124C243B99E10082F0F9 /* SceneDelegate.swift */ = {isa = PBXFileReference; lastKnownFileType = sourcecode.swift; path = SceneDelegate.swift; sourceTree = "<group>"; };
		B364124E243B99E10082F0F9 /* ContentView.swift */ = {isa = PBXFileReference; lastKnownFileType = sourcecode.swift; path = ContentView.swift; sourceTree = "<group>"; };
		B3641250243B99E20082F0F9 /* Assets.xcassets */ = {isa = PBXFileReference; lastKnownFileType = folder.assetcatalog; path = Assets.xcassets; sourceTree = "<group>"; };
		B3641253243B99E20082F0F9 /* Preview Assets.xcassets */ = {isa = PBXFileReference; lastKnownFileType = folder.assetcatalog; path = "Preview Assets.xcassets"; sourceTree = "<group>"; };
		B3641256243B99E20082F0F9 /* Base */ = {isa = PBXFileReference; lastKnownFileType = file.storyboard; name = Base; path = Base.lproj/LaunchScreen.storyboard; sourceTree = "<group>"; };
		B3641258243B99E20082F0F9 /* Info.plist */ = {isa = PBXFileReference; lastKnownFileType = text.plist.xml; path = Info.plist; sourceTree = "<group>"; };
		B364125D243B99E20082F0F9 /* testTests.xctest */ = {isa = PBXFileReference; explicitFileType = wrapper.cfbundle; includeInIndex = 0; path = testTests.xctest; sourceTree = BUILT_PRODUCTS_DIR; };
		B3641261243B99E20082F0F9 /* testTests.swift */ = {isa = PBXFileReference; lastKnownFileType = sourcecode.swift; path = testTests.swift; sourceTree = "<group>"; };
		B3641263243B99E20082F0F9 /* Info.plist */ = {isa = PBXFileReference; lastKnownFileType = text.plist.xml; path = Info.plist; sourceTree = "<group>"; };
		B3641268243B99E20082F0F9 /* testUITests.xctest */ = {isa = PBXFileReference; explicitFileType = wrapper.cfbundle; includeInIndex = 0; path = testUITests.xctest; sourceTree = BUILT_PRODUCTS_DIR; };
		B364126C243B99E20082F0F9 /* testUITests.swift */ = {isa = PBXFileReference; lastKnownFileType = sourcecode.swift; path = testUITests.swift; sourceTree = "<group>"; };
		B364126E243B99E20082F0F9 /* Info.plist */ = {isa = PBXFileReference; lastKnownFileType = text.plist.xml; path = Info.plist; sourceTree = "<group>"; };
/* End PBXFileReference section */

/* Begin PBXFrameworksBuildPhase section */
		B3641244243B99E10082F0F9 /* Frameworks */ = {
			isa = PBXFrameworksBuildPhase;
			buildActionMask = 2147483647;
			files = (
			);
			runOnlyForDeploymentPostprocessing = 0;
		};
		B364125A243B99E20082F0F9 /* Frameworks */ = {
			isa = PBXFrameworksBuildPhase;
			buildActionMask = 2147483647;
			files = (
			);
			runOnlyForDeploymentPostprocessing = 0;
		};
		B3641265243B99E20082F0F9 /* Frameworks */ = {
			isa = PBXFrameworksBuildPhase;
			buildActionMask = 2147483647;
			files = (
			);
			runOnlyForDeploymentPostprocessing = 0;
		};
/* End PBXFrameworksBuildPhase section */

/* Begin PBXGroup section */
		B364123E243B99E10082F0F9 = {
			isa = PBXGroup;
			children = (
				B3641249243B99E10082F0F9 /* test */,
				B3641260243B99E20082F0F9 /* testTests */,
				B364126B243B99E20082F0F9 /* testUITests */,
				B3641248243B99E10082F0F9 /* Products */,
			);
			sourceTree = "<group>";
		};
		B3641248243B99E10082F0F9 /* Products */ = {
			isa = PBXGroup;
			children = (
				B3641247243B99E10082F0F9 /* test.app */,
				B364125D243B99E20082F0F9 /* testTests.xctest */,
				B3641268243B99E20082F0F9 /* testUITests.xctest */,
			);
			name = Products;
			sourceTree = "<group>";
		};
		B3641249243B99E10082F0F9 /* test */ = {
			isa = PBXGroup;
			children = (
				B364124A243B99E10082F0F9 /* AppDelegate.swift */,
				B364124C243B99E10082F0F9 /* SceneDelegate.swift */,
				B364124E243B99E10082F0F9 /* ContentView.swift */,
				B3641250243B99E20082F0F9 /* Assets.xcassets */,
				B3641255243B99E20082F0F9 /* LaunchScreen.storyboard */,
				B3641258243B99E20082F0F9 /* Info.plist */,
				B3641252243B99E20082F0F9 /* Preview Content */,
			);
			path = test;
			sourceTree = "<group>";
		};
		B3641252243B99E20082F0F9 /* Preview Content */ = {
			isa = PBXGroup;
			children = (
				B3641253243B99E20082F0F9 /* Preview Assets.xcassets */,
			);
			path = "Preview Content";
			sourceTree = "<group>";
		};
		B3641260243B99E20082F0F9 /* testTests */ = {
			isa = PBXGroup;
			children = (
				B3641261243B99E20082F0F9 /* testTests.swift */,
				B3641263243B99E20082F0F9 /* Info.plist */,
			);
			path = testTests;
			sourceTree = "<group>";
		};
		B364126B243B99E20082F0F9 /* testUITests */ = {
			isa = PBXGroup;
			children = (
				B364126C243B99E20082F0F9 /* testUITests.swift */,
				B364126E243B99E20082F0F9 /* Info.plist */,
			);
			path = testUITests;
			sourceTree = "<group>";
		};
/* End PBXGroup section */

/* Begin PBXNativeTarget section */
		B3641246243B99E10082F0F9 /* test */ = {
			isa = PBXNativeTarget;
			buildConfigurationList = B3641271243B99E20082F0F9 /* Build configuration list for PBXNativeTarget "test" */;
			buildPhases = (
				B3641243243B99E10082F0F9 /* Sources */,
				B3641244243B99E10082F0F9 /* Frameworks */,
				B3641245243B99E10082F0F9 /* Resources */,
			);
			buildRules = (
			);
			dependencies = (
			);
			name = test;
			productName = test;
			productReference = B3641247243B99E10082F0F9 /* test.app */;
			productType = "com.apple.product-type.application";
		};
		B364125C243B99E20082F0F9 /* testTests */ = {
			isa = PBXNativeTarget;
			buildConfigurationList = B3641274243B99E20082F0F9 /* Build configuration list for PBXNativeTarget "testTests" */;
			buildPhases = (
				B3641259243B99E20082F0F9 /* Sources */,
				B364125A243B99E20082F0F9 /* Frameworks */,
				B364125B243B99E20082F0F9 /* Resources */,
			);
			buildRules = (
			);
			dependencies = (
				B364125F243B99E20082F0F9 /* PBXTargetDependency */,
			);
			name = testTests;
			productName = testTests;
			productReference = B364125D243B99E20082F0F9 /* testTests.xctest */;
			productType = "com.apple.product-type.bundle.unit-test";
		};
		B3641267243B99E20082F0F9 /* testUITests */ = {
			isa = PBXNativeTarget;
			buildConfigurationList = B3641277243B99E20082F0F9 /* Build configuration list for PBXNativeTarget "testUITests" */;
			buildPhases = (
				B3641264243B99E20082F0F9 /* Sources */,
				B3641265243B99E20082F0F9 /* Frameworks */,
				B3641266243B99E20082F0F9 /* Resources */,
			);
			buildRules = (
			);
			dependencies = (
				B364126A243B99E20082F0F9 /* PBXTargetDependency */,
			);
			name = testUITests;
			productName = testUITests;
			productReference = B3641268243B99E20082F0F9 /* testUITests.xctest */;
			productType = "com.apple.product-type.bundle.ui-testing";
		};
/* End PBXNativeTarget section */

/* Begin PBXProject section */
		B364123F243B99E10082F0F9 /* Project object */ = {
			isa = PBXProject;
			attributes = {
				LastSwiftUpdateCheck = 1140;
				LastUpgradeCheck = 1140;
				ORGANIZATIONNAME = "Marisol Perez Rangel";
				TargetAttributes = {
					B3641246243B99E10082F0F9 = {
						CreatedOnToolsVersion = 11.4;
					};
					B364125C243B99E20082F0F9 = {
						CreatedOnToolsVersion = 11.4;
						TestTargetID = B3641246243B99E10082F0F9;
					};
					B3641267243B99E20082F0F9 = {
						CreatedOnToolsVersion = 11.4;
						TestTargetID = B3641246243B99E10082F0F9;
					};
				};
			};
			buildConfigurationList = B3641242243B99E10082F0F9 /* Build configuration list for PBXProject "test" */;
			compatibilityVersion = "Xcode 9.3";
			developmentRegion = en;
			hasScannedForEncodings = 0;
			knownRegions = (
				en,
				Base,
			);
			mainGroup = B364123E243B99E10082F0F9;
			productRefGroup = B3641248243B99E10082F0F9 /* Products */;
			projectDirPath = "";
			projectRoot = "";
			targets = (
				B3641246243B99E10082F0F9 /* test */,
				B364125C243B99E20082F0F9 /* testTests */,
				B3641267243B99E20082F0F9 /* testUITests */,
			);
		};
/* End PBXProject section */

/* Begin PBXResourcesBuildPhase section */
		B3641245243B99E10082F0F9 /* Resources */ = {
			isa = PBXResourcesBuildPhase;
			buildActionMask = 2147483647;
			files = (
				B3641257243B99E20082F0F9 /* LaunchScreen.storyboard in Resources */,
				B3641254243B99E20082F0F9 /* Preview Assets.xcassets in Resources */,
				B3641251243B99E20082F0F9 /* Assets.xcassets in Resources */,
			);
			runOnlyForDeploymentPostprocessing = 0;
		};
		B364125B243B99E20082F0F9 /* Resources */ = {
			isa = PBXResourcesBuildPhase;
			buildActionMask = 2147483647;
			files = (
			);
			runOnlyForDeploymentPostprocessing = 0;
		};
		B3641266243B99E20082F0F9 /* Resources */ = {
			isa = PBXResourcesBuildPhase;
			buildActionMask = 2147483647;
			files = (
			);
			runOnlyForDeploymentPostprocessing = 0;
		};
/* End PBXResourcesBuildPhase section */

/* Begin PBXSourcesBuildPhase section */
		B3641243243B99E10082F0F9 /* Sources */ = {
			isa = PBXSourcesBuildPhase;
			buildActionMask = 2147483647;
			files = (
				B364124B243B99E10082F0F9 /* AppDelegate.swift in Sources */,
				B364124D243B99E10082F0F9 /* SceneDelegate.swift in Sources */,
				B364124F243B99E10082F0F9 /* ContentView.swift in Sources */,
			);
			runOnlyForDeploymentPostprocessing = 0;
		};
		B3641259243B99E20082F0F9 /* Sources */ = {
			isa = PBXSourcesBuildPhase;
			buildActionMask = 2147483647;
			files = (
				B3641262243B99E20082F0F9 /* testTests.swift in Sources */,
			);
			runOnlyForDeploymentPostprocessing = 0;
		};
		B3641264243B99E20082F0F9 /* Sources */ = {
			isa = PBXSourcesBuildPhase;
			buildActionMask = 2147483647;
			files = (
				B364126D243B99E20082F0F9 /* testUITests.swift in Sources */,
			);
			runOnlyForDeploymentPostprocessing = 0;
		};
/* End PBXSourcesBuildPhase section */

/* Begin PBXTargetDependency section */
		B364125F243B99E20082F0F9 /* PBXTargetDependency */ = {
			isa = PBXTargetDependency;
			target = B3641246243B99E10082F0F9 /* test */;
			targetProxy = B364125E243B99E20082F0F9 /* PBXContainerItemProxy */;
		};
		B364126A243B99E20082F0F9 /* PBXTargetDependency */ = {
			isa = PBXTargetDependency;
			target = B3641246243B99E10082F0F9 /* test */;
			targetProxy = B3641269243B99E20082F0F9 /* PBXContainerItemProxy */;
		};
/* End PBXTargetDependency section */

/* Begin PBXVariantGroup section */
		B3641255243B99E20082F0F9 /* LaunchScreen.storyboard */ = {
			isa = PBXVariantGroup;
			children = (
				B3641256243B99E20082F0F9 /* Base */,
			);
			name = LaunchScreen.storyboard;
			sourceTree = "<group>";
		};
/* End PBXVariantGroup section */

/* Begin XCBuildConfiguration section */
		B364126F243B99E20082F0F9 /* Debug */ = {
			isa = XCBuildConfiguration;
			buildSettings = {
				ALWAYS_SEARCH_USER_PATHS = NO;
				CLANG_ANALYZER_NONNULL = YES;
				CLANG_ANALYZER_NUMBER_OBJECT_CONVERSION = YES_AGGRESSIVE;
				CLANG_CXX_LANGUAGE_STANDARD = "gnu++14";
				CLANG_CXX_LIBRARY = "libc++";
				CLANG_ENABLE_MODULES = YES;
				CLANG_ENABLE_OBJC_ARC = YES;
				CLANG_ENABLE_OBJC_WEAK = YES;
				CLANG_WARN_BLOCK_CAPTURE_AUTORELEASING = YES;
				CLANG_WARN_BOOL_CONVERSION = YES;
				CLANG_WARN_COMMA = YES;
				CLANG_WARN_CONSTANT_CONVERSION = YES;
				CLANG_WARN_DEPRECATED_OBJC_IMPLEMENTATIONS = YES;
				CLANG_WARN_DIRECT_OBJC_ISA_USAGE = YES_ERROR;
				CLANG_WARN_DOCUMENTATION_COMMENTS = YES;
				CLANG_WARN_EMPTY_BODY = YES;
				CLANG_WARN_ENUM_CONVERSION = YES;
				CLANG_WARN_INFINITE_RECURSION = YES;
				CLANG_WARN_INT_CONVERSION = YES;
				CLANG_WARN_NON_LITERAL_NULL_CONVERSION = YES;
				CLANG_WARN_OBJC_IMPLICIT_RETAIN_SELF = YES;
				CLANG_WARN_OBJC_LITERAL_CONVERSION = YES;
				CLANG_WARN_OBJC_ROOT_CLASS = YES_ERROR;
				CLANG_WARN_RANGE_LOOP_ANALYSIS = YES;
				CLANG_WARN_STRICT_PROTOTYPES = YES;
				CLANG_WARN_SUSPICIOUS_MOVE = YES;
				CLANG_WARN_UNGUARDED_AVAILABILITY = YES_AGGRESSIVE;
				CLANG_WARN_UNREACHABLE_CODE = YES;
				CLANG_WARN__DUPLICATE_METHOD_MATCH = YES;
				COPY_PHASE_STRIP = NO;
				DEBUG_INFORMATION_FORMAT = dwarf;
				ENABLE_STRICT_OBJC_MSGSEND = YES;
				ENABLE_TESTABILITY = YES;
				GCC_C_LANGUAGE_STANDARD = gnu11;
				GCC_DYNAMIC_NO_PIC = NO;
				GCC_NO_COMMON_BLOCKS = YES;
				GCC_OPTIMIZATION_LEVEL = 0;
				GCC_PREPROCESSOR_DEFINITIONS = (
					"DEBUG=1",
					"$(inherited)",
				);
				GCC_WARN_64_TO_32_BIT_CONVERSION = YES;
				GCC_WARN_ABOUT_RETURN_TYPE = YES_ERROR;
				GCC_WARN_UNDECLARED_SELECTOR = YES;
				GCC_WARN_UNINITIALIZED_AUTOS = YES_AGGRESSIVE;
				GCC_WARN_UNUSED_FUNCTION = YES;
				GCC_WARN_UNUSED_VARIABLE = YES;
				IPHONEOS_DEPLOYMENT_TARGET = 13.4;
				MTL_ENABLE_DEBUG_INFO = INCLUDE_SOURCE;
				MTL_FAST_MATH = YES;
				ONLY_ACTIVE_ARCH = YES;
				SDKROOT = iphoneos;
				SWIFT_ACTIVE_COMPILATION_CONDITIONS = DEBUG;
				SWIFT_OPTIMIZATION_LEVEL = "-Onone";
			};
			name = Debug;
		};
		B3641270243B99E20082F0F9 /* Release */ = {
			isa = XCBuildConfiguration;
			buildSettings = {
				ALWAYS_SEARCH_USER_PATHS = NO;
				CLANG_ANALYZER_NONNULL = YES;
				CLANG_ANALYZER_NUMBER_OBJECT_CONVERSION = YES_AGGRESSIVE;
				CLANG_CXX_LANGUAGE_STANDARD = "gnu++14";
				CLANG_CXX_LIBRARY = "libc++";
				CLANG_ENABLE_MODULES = YES;
				CLANG_ENABLE_OBJC_ARC = YES;
				CLANG_ENABLE_OBJC_WEAK = YES;
				CLANG_WARN_BLOCK_CAPTURE_AUTORELEASING = YES;
				CLANG_WARN_BOOL_CONVERSION = YES;
				CLANG_WARN_COMMA = YES;
				CLANG_WARN_CONSTANT_CONVERSION = YES;
				CLANG_WARN_DEPRECATED_OBJC_IMPLEMENTATIONS = YES;
				CLANG_WARN_DIRECT_OBJC_ISA_USAGE = YES_ERROR;
				CLANG_WARN_DOCUMENTATION_COMMENTS = YES;
				CLANG_WARN_EMPTY_BODY = YES;
				CLANG_WARN_ENUM_CONVERSION = YES;
				CLANG_WARN_INFINITE_RECURSION = YES;
				CLANG_WARN_INT_CONVERSION = YES;
				CLANG_WARN_NON_LITERAL_NULL_CONVERSION = YES;
				CLANG_WARN_OBJC_IMPLICIT_RETAIN_SELF = YES;
				CLANG_WARN_OBJC_LITERAL_CONVERSION = YES;
				CLANG_WARN_OBJC_ROOT_CLASS = YES_ERROR;
				CLANG_WARN_RANGE_LOOP_ANALYSIS = YES;
				CLANG_WARN_STRICT_PROTOTYPES = YES;
				CLANG_WARN_SUSPICIOUS_MOVE = YES;
				CLANG_WARN_UNGUARDED_AVAILABILITY = YES_AGGRESSIVE;
				CLANG_WARN_UNREACHABLE_CODE = YES;
				CLANG_WARN__DUPLICATE_METHOD_MATCH = YES;
				COPY_PHASE_STRIP = NO;
				DEBUG_INFORMATION_FORMAT = "dwarf-with-dsym";
				ENABLE_NS_ASSERTIONS = NO;
				ENABLE_STRICT_OBJC_MSGSEND = YES;
				GCC_C_LANGUAGE_STANDARD = gnu11;
				GCC_NO_COMMON_BLOCKS = YES;
				GCC_WARN_64_TO_32_BIT_CONVERSION = YES;
				GCC_WARN_ABOUT_RETURN_TYPE = YES_ERROR;
				GCC_WARN_UNDECLARED_SELECTOR = YES;
				GCC_WARN_UNINITIALIZED_AUTOS = YES_AGGRESSIVE;
				GCC_WARN_UNUSED_FUNCTION = YES;
				GCC_WARN_UNUSED_VARIABLE = YES;
				IPHONEOS_DEPLOYMENT_TARGET = 13.4;
				MTL_ENABLE_DEBUG_INFO = NO;
				MTL_FAST_MATH = YES;
				SDKROOT = iphoneos;
				SWIFT_COMPILATION_MODE = wholemodule;
				SWIFT_OPTIMIZATION_LEVEL = "-O";
				VALIDATE_PRODUCT = YES;
			};
			name = Release;
		};
		B3641272243B99E20082F0F9 /* Debug */ = {
			isa = XCBuildConfiguration;
			buildSettings = {
				ASSETCATALOG_COMPILER_APPICON_NAME = AppIcon;
				CODE_SIGN_STYLE = Automatic;
				DEVELOPMENT_ASSET_PATHS = "\"test/Preview Content\"";
				ENABLE_PREVIEWS = YES;
				INFOPLIST_FILE = test/Info.plist;
				LD_RUNPATH_SEARCH_PATHS = (
					"$(inherited)",
					"@executable_path/Frameworks",
				);
				PRODUCT_BUNDLE_IDENTIFIER = com.everis.practicas.test;
				PRODUCT_NAME = "$(TARGET_NAME)";
				SWIFT_VERSION = 5.0;
				TARGETED_DEVICE_FAMILY = "1,2";
			};
			name = Debug;
		};
		B3641273243B99E20082F0F9 /* Release */ = {
			isa = XCBuildConfiguration;
			buildSettings = {
				ASSETCATALOG_COMPILER_APPICON_NAME = AppIcon;
				CODE_SIGN_STYLE = Automatic;
				DEVELOPMENT_ASSET_PATHS = "\"test/Preview Content\"";
				ENABLE_PREVIEWS = YES;
				INFOPLIST_FILE = test/Info.plist;
				LD_RUNPATH_SEARCH_PATHS = (
					"$(inherited)",
					"@executable_path/Frameworks",
				);
				PRODUCT_BUNDLE_IDENTIFIER = com.everis.practicas.test;
				PRODUCT_NAME = "$(TARGET_NAME)";
				SWIFT_VERSION = 5.0;
				TARGETED_DEVICE_FAMILY = "1,2";
			};
			name = Release;
		};
		B3641275243B99E20082F0F9 /* Debug */ = {
			isa = XCBuildConfiguration;
			buildSettings = {
				ALWAYS_EMBED_SWIFT_STANDARD_LIBRARIES = YES;
				BUNDLE_LOADER = "$(TEST_HOST)";
				CODE_SIGN_STYLE = Automatic;
				INFOPLIST_FILE = testTests/Info.plist;
				IPHONEOS_DEPLOYMENT_TARGET = 13.4;
				LD_RUNPATH_SEARCH_PATHS = (
					"$(inherited)",
					"@executable_path/Frameworks",
					"@loader_path/Frameworks",
				);
				PRODUCT_BUNDLE_IDENTIFIER = com.everis.practicas.testTests;
				PRODUCT_NAME = "$(TARGET_NAME)";
				SWIFT_VERSION = 5.0;
				TARGETED_DEVICE_FAMILY = "1,2";
				TEST_HOST = "$(BUILT_PRODUCTS_DIR)/test.app/test";
			};
			name = Debug;
		};
		B3641276243B99E20082F0F9 /* Release */ = {
			isa = XCBuildConfiguration;
			buildSettings = {
				ALWAYS_EMBED_SWIFT_STANDARD_LIBRARIES = YES;
				BUNDLE_LOADER = "$(TEST_HOST)";
				CODE_SIGN_STYLE = Automatic;
				INFOPLIST_FILE = testTests/Info.plist;
				IPHONEOS_DEPLOYMENT_TARGET = 13.4;
				LD_RUNPATH_SEARCH_PATHS = (
					"$(inherited)",
					"@executable_path/Frameworks",
					"@loader_path/Frameworks",
				);
				PRODUCT_BUNDLE_IDENTIFIER = com.everis.practicas.testTests;
				PRODUCT_NAME = "$(TARGET_NAME)";
				SWIFT_VERSION = 5.0;
				TARGETED_DEVICE_FAMILY = "1,2";
				TEST_HOST = "$(BUILT_PRODUCTS_DIR)/test.app/test";
			};
			name = Release;
		};
		B3641278243B99E20082F0F9 /* Debug */ = {
			isa = XCBuildConfiguration;
			buildSettings = {
				ALWAYS_EMBED_SWIFT_STANDARD_LIBRARIES = YES;
				CODE_SIGN_STYLE = Automatic;
				INFOPLIST_FILE = testUITests/Info.plist;
				LD_RUNPATH_SEARCH_PATHS = (
					"$(inherited)",
					"@executable_path/Frameworks",
					"@loader_path/Frameworks",
				);
				PRODUCT_BUNDLE_IDENTIFIER = com.everis.practicas.testUITests;
				PRODUCT_NAME = "$(TARGET_NAME)";
				SWIFT_VERSION = 5.0;
				TARGETED_DEVICE_FAMILY = "1,2";
				TEST_TARGET_NAME = test;
			};
			name = Debug;
		};
		B3641279243B99E20082F0F9 /* Release */ = {
			isa = XCBuildConfiguration;
			buildSettings = {
				ALWAYS_EMBED_SWIFT_STANDARD_LIBRARIES = YES;
				CODE_SIGN_STYLE = Automatic;
				INFOPLIST_FILE = testUITests/Info.plist;
				LD_RUNPATH_SEARCH_PATHS = (
					"$(inherited)",
					"@executable_path/Frameworks",
					"@loader_path/Frameworks",
				);
				PRODUCT_BUNDLE_IDENTIFIER = com.everis.practicas.testUITests;
				PRODUCT_NAME = "$(TARGET_NAME)";
				SWIFT_VERSION = 5.0;
				TARGETED_DEVICE_FAMILY = "1,2";
				TEST_TARGET_NAME = test;
			};
			name = Release;
		};
/* End XCBuildConfiguration section */

/* Begin XCConfigurationList section */
		B3641242243B99E10082F0F9 /* Build configuration list for PBXProject "test" */ = {
			isa = XCConfigurationList;
			buildConfigurations = (
				B364126F243B99E20082F0F9 /* Debug */,
				B3641270243B99E20082F0F9 /* Release */,
			);
			defaultConfigurationIsVisible = 0;
			defaultConfigurationName = Release;
		};
		B3641271243B99E20082F0F9 /* Build configuration list for PBXNativeTarget "test" */ = {
			isa = XCConfigurationList;
			buildConfigurations = (
				B3641272243B99E20082F0F9 /* Debug */,
				B3641273243B99E20082F0F9 /* Release */,
			);
			defaultConfigurationIsVisible = 0;
			defaultConfigurationName = Release;
		};
		B3641274243B99E20082F0F9 /* Build configuration list for PBXNativeTarget "testTests" */ = {
			isa = XCConfigurationList;
			buildConfigurations = (
				B3641275243B99E20082F0F9 /* Debug */,
				B3641276243B99E20082F0F9 /* Release */,
			);
			defaultConfigurationIsVisible = 0;
			defaultConfigurationName = Release;
		};
		B3641277243B99E20082F0F9 /* Build configuration list for PBXNativeTarget "testUITests" */ = {
			isa = XCConfigurationList;
			buildConfigurations = (
				B3641278243B99E20082F0F9 /* Debug */,
				B3641279243B99E20082F0F9 /* Release */,
			);
			defaultConfigurationIsVisible = 0;
			defaultConfigurationName = Release;
		};
/* End XCConfigurationList section */
	};
	rootObject = B364123F243B99E10082F0F9 /* Project object */;
}
