// !$*UTF8*$!
{
	archiveVersion = 1;
	classes = {
	};
	objectVersion = 50;
	objects = {

/* Begin PBXBuildFile section */
		0AEA791F21E28C5C6AAAF8E9 /* libPods-ConectadoNaturaleza.a in Frameworks */ = {isa = PBXBuildFile; fileRef = 822A4C14BF8E4882ACDA465A /* libPods-ConectadoNaturaleza.a */; };
		0CA7EC41CE050BD956FE4A6C /* libPods-ConectadoNaturalezaTests.a in Frameworks */ = {isa = PBXBuildFile; fileRef = E76B344C6D985354669A4D2F /* libPods-ConectadoNaturalezaTests.a */; };
		8748D6A45F6673EBD0855FDD /* libPods-ConectadoNaturaleza-ConectadoNaturalezaUITests.a in Frameworks */ = {isa = PBXBuildFile; fileRef = 7E3CD8C138D5BB68C0DD7438 /* libPods-ConectadoNaturaleza-ConectadoNaturalezaUITests.a */; };
		B3A7F435244A316400745329 /* AppDelegate.swift in Sources */ = {isa = PBXBuildFile; fileRef = B3A7F434244A316400745329 /* AppDelegate.swift */; };
		B3A7F437244A316400745329 /* SceneDelegate.swift in Sources */ = {isa = PBXBuildFile; fileRef = B3A7F436244A316400745329 /* SceneDelegate.swift */; };
		B3A7F439244A316400745329 /* ViewController.swift in Sources */ = {isa = PBXBuildFile; fileRef = B3A7F438244A316400745329 /* ViewController.swift */; };
		B3A7F43C244A316400745329 /* Main.storyboard in Resources */ = {isa = PBXBuildFile; fileRef = B3A7F43A244A316400745329 /* Main.storyboard */; };
		B3A7F43E244A316600745329 /* Assets.xcassets in Resources */ = {isa = PBXBuildFile; fileRef = B3A7F43D244A316600745329 /* Assets.xcassets */; };
		B3A7F441244A316600745329 /* LaunchScreen.storyboard in Resources */ = {isa = PBXBuildFile; fileRef = B3A7F43F244A316600745329 /* LaunchScreen.storyboard */; };
		B3A7F44C244A316600745329 /* ConectadoNaturalezaTests.swift in Sources */ = {isa = PBXBuildFile; fileRef = B3A7F44B244A316600745329 /* ConectadoNaturalezaTests.swift */; };
		B3A7F457244A316600745329 /* ConectadoNaturalezaUITests.swift in Sources */ = {isa = PBXBuildFile; fileRef = B3A7F456244A316600745329 /* ConectadoNaturalezaUITests.swift */; };
		B3A7F467244A31FF00745329 /* Colors.xcassets in Resources */ = {isa = PBXBuildFile; fileRef = B3A7F466244A31FF00745329 /* Colors.xcassets */; };
/* End PBXBuildFile section */

/* Begin PBXContainerItemProxy section */
		B3A7F448244A316600745329 /* PBXContainerItemProxy */ = {
			isa = PBXContainerItemProxy;
			containerPortal = B3A7F429244A316400745329 /* Project object */;
			proxyType = 1;
			remoteGlobalIDString = B3A7F430244A316400745329;
			remoteInfo = ConectadoNaturaleza;
		};
		B3A7F453244A316600745329 /* PBXContainerItemProxy */ = {
			isa = PBXContainerItemProxy;
			containerPortal = B3A7F429244A316400745329 /* Project object */;
			proxyType = 1;
			remoteGlobalIDString = B3A7F430244A316400745329;
			remoteInfo = ConectadoNaturaleza;
		};
/* End PBXContainerItemProxy section */

/* Begin PBXFileReference section */
		1CA8404D3D372E6423E232D4 /* Pods-ConectadoNaturaleza-ConectadoNaturalezaUITests.release.xcconfig */ = {isa = PBXFileReference; includeInIndex = 1; lastKnownFileType = text.xcconfig; name = "Pods-ConectadoNaturaleza-ConectadoNaturalezaUITests.release.xcconfig"; path = "Target Support Files/Pods-ConectadoNaturaleza-ConectadoNaturalezaUITests/Pods-ConectadoNaturaleza-ConectadoNaturalezaUITests.release.xcconfig"; sourceTree = "<group>"; };
		3C688608089BB03369B7D1F8 /* Pods-ConectadoNaturaleza.debug.xcconfig */ = {isa = PBXFileReference; includeInIndex = 1; lastKnownFileType = text.xcconfig; name = "Pods-ConectadoNaturaleza.debug.xcconfig"; path = "Target Support Files/Pods-ConectadoNaturaleza/Pods-ConectadoNaturaleza.debug.xcconfig"; sourceTree = "<group>"; };
		41E8D9600994690B44DE02A0 /* Pods-ConectadoNaturalezaTests.debug.xcconfig */ = {isa = PBXFileReference; includeInIndex = 1; lastKnownFileType = text.xcconfig; name = "Pods-ConectadoNaturalezaTests.debug.xcconfig"; path = "Target Support Files/Pods-ConectadoNaturalezaTests/Pods-ConectadoNaturalezaTests.debug.xcconfig"; sourceTree = "<group>"; };
		7E3CD8C138D5BB68C0DD7438 /* libPods-ConectadoNaturaleza-ConectadoNaturalezaUITests.a */ = {isa = PBXFileReference; explicitFileType = archive.ar; includeInIndex = 0; path = "libPods-ConectadoNaturaleza-ConectadoNaturalezaUITests.a"; sourceTree = BUILT_PRODUCTS_DIR; };
		822A4C14BF8E4882ACDA465A /* libPods-ConectadoNaturaleza.a */ = {isa = PBXFileReference; explicitFileType = archive.ar; includeInIndex = 0; path = "libPods-ConectadoNaturaleza.a"; sourceTree = BUILT_PRODUCTS_DIR; };
		AB850A2CF72A7AE340458F24 /* Pods-ConectadoNaturaleza.release.xcconfig */ = {isa = PBXFileReference; includeInIndex = 1; lastKnownFileType = text.xcconfig; name = "Pods-ConectadoNaturaleza.release.xcconfig"; path = "Target Support Files/Pods-ConectadoNaturaleza/Pods-ConectadoNaturaleza.release.xcconfig"; sourceTree = "<group>"; };
		B3A7F431244A316400745329 /* ConectadoNaturaleza.app */ = {isa = PBXFileReference; explicitFileType = wrapper.application; includeInIndex = 0; path = ConectadoNaturaleza.app; sourceTree = BUILT_PRODUCTS_DIR; };
		B3A7F434244A316400745329 /* AppDelegate.swift */ = {isa = PBXFileReference; lastKnownFileType = sourcecode.swift; path = AppDelegate.swift; sourceTree = "<group>"; };
		B3A7F436244A316400745329 /* SceneDelegate.swift */ = {isa = PBXFileReference; lastKnownFileType = sourcecode.swift; path = SceneDelegate.swift; sourceTree = "<group>"; };
		B3A7F438244A316400745329 /* ViewController.swift */ = {isa = PBXFileReference; lastKnownFileType = sourcecode.swift; path = ViewController.swift; sourceTree = "<group>"; };
		B3A7F43B244A316400745329 /* Base */ = {isa = PBXFileReference; lastKnownFileType = file.storyboard; name = Base; path = Base.lproj/Main.storyboard; sourceTree = "<group>"; };
		B3A7F43D244A316600745329 /* Assets.xcassets */ = {isa = PBXFileReference; lastKnownFileType = folder.assetcatalog; path = Assets.xcassets; sourceTree = "<group>"; };
		B3A7F440244A316600745329 /* Base */ = {isa = PBXFileReference; lastKnownFileType = file.storyboard; name = Base; path = Base.lproj/LaunchScreen.storyboard; sourceTree = "<group>"; };
		B3A7F442244A316600745329 /* Info.plist */ = {isa = PBXFileReference; lastKnownFileType = text.plist.xml; path = Info.plist; sourceTree = "<group>"; };
		B3A7F447244A316600745329 /* ConectadoNaturalezaTests.xctest */ = {isa = PBXFileReference; explicitFileType = wrapper.cfbundle; includeInIndex = 0; path = ConectadoNaturalezaTests.xctest; sourceTree = BUILT_PRODUCTS_DIR; };
		B3A7F44B244A316600745329 /* ConectadoNaturalezaTests.swift */ = {isa = PBXFileReference; lastKnownFileType = sourcecode.swift; path = ConectadoNaturalezaTests.swift; sourceTree = "<group>"; };
		B3A7F44D244A316600745329 /* Info.plist */ = {isa = PBXFileReference; lastKnownFileType = text.plist.xml; path = Info.plist; sourceTree = "<group>"; };
		B3A7F452244A316600745329 /* ConectadoNaturalezaUITests.xctest */ = {isa = PBXFileReference; explicitFileType = wrapper.cfbundle; includeInIndex = 0; path = ConectadoNaturalezaUITests.xctest; sourceTree = BUILT_PRODUCTS_DIR; };
		B3A7F456244A316600745329 /* ConectadoNaturalezaUITests.swift */ = {isa = PBXFileReference; lastKnownFileType = sourcecode.swift; path = ConectadoNaturalezaUITests.swift; sourceTree = "<group>"; };
		B3A7F458244A316600745329 /* Info.plist */ = {isa = PBXFileReference; lastKnownFileType = text.plist.xml; path = Info.plist; sourceTree = "<group>"; };
		B3A7F466244A31FF00745329 /* Colors.xcassets */ = {isa = PBXFileReference; lastKnownFileType = folder.assetcatalog; path = Colors.xcassets; sourceTree = "<group>"; };
		CC72CD07AAF8656149DA62D2 /* Pods-ConectadoNaturalezaTests.release.xcconfig */ = {isa = PBXFileReference; includeInIndex = 1; lastKnownFileType = text.xcconfig; name = "Pods-ConectadoNaturalezaTests.release.xcconfig"; path = "Target Support Files/Pods-ConectadoNaturalezaTests/Pods-ConectadoNaturalezaTests.release.xcconfig"; sourceTree = "<group>"; };
		E76B344C6D985354669A4D2F /* libPods-ConectadoNaturalezaTests.a */ = {isa = PBXFileReference; explicitFileType = archive.ar; includeInIndex = 0; path = "libPods-ConectadoNaturalezaTests.a"; sourceTree = BUILT_PRODUCTS_DIR; };
		E8407B004496644BF63CB03B /* Pods-ConectadoNaturaleza-ConectadoNaturalezaUITests.debug.xcconfig */ = {isa = PBXFileReference; includeInIndex = 1; lastKnownFileType = text.xcconfig; name = "Pods-ConectadoNaturaleza-ConectadoNaturalezaUITests.debug.xcconfig"; path = "Target Support Files/Pods-ConectadoNaturaleza-ConectadoNaturalezaUITests/Pods-ConectadoNaturaleza-ConectadoNaturalezaUITests.debug.xcconfig"; sourceTree = "<group>"; };
/* End PBXFileReference section */

/* Begin PBXFrameworksBuildPhase section */
		B3A7F42E244A316400745329 /* Frameworks */ = {
			isa = PBXFrameworksBuildPhase;
			buildActionMask = 2147483647;
			files = (
				0AEA791F21E28C5C6AAAF8E9 /* libPods-ConectadoNaturaleza.a in Frameworks */,
			);
			runOnlyForDeploymentPostprocessing = 0;
		};
		B3A7F444244A316600745329 /* Frameworks */ = {
			isa = PBXFrameworksBuildPhase;
			buildActionMask = 2147483647;
			files = (
				0CA7EC41CE050BD956FE4A6C /* libPods-ConectadoNaturalezaTests.a in Frameworks */,
			);
			runOnlyForDeploymentPostprocessing = 0;
		};
		B3A7F44F244A316600745329 /* Frameworks */ = {
			isa = PBXFrameworksBuildPhase;
			buildActionMask = 2147483647;
			files = (
				8748D6A45F6673EBD0855FDD /* libPods-ConectadoNaturaleza-ConectadoNaturalezaUITests.a in Frameworks */,
			);
			runOnlyForDeploymentPostprocessing = 0;
		};
/* End PBXFrameworksBuildPhase section */

/* Begin PBXGroup section */
		34C171E4BBA3CB9EC74C07CC /* Pods */ = {
			isa = PBXGroup;
			children = (
				3C688608089BB03369B7D1F8 /* Pods-ConectadoNaturaleza.debug.xcconfig */,
				AB850A2CF72A7AE340458F24 /* Pods-ConectadoNaturaleza.release.xcconfig */,
				E8407B004496644BF63CB03B /* Pods-ConectadoNaturaleza-ConectadoNaturalezaUITests.debug.xcconfig */,
				1CA8404D3D372E6423E232D4 /* Pods-ConectadoNaturaleza-ConectadoNaturalezaUITests.release.xcconfig */,
				41E8D9600994690B44DE02A0 /* Pods-ConectadoNaturalezaTests.debug.xcconfig */,
				CC72CD07AAF8656149DA62D2 /* Pods-ConectadoNaturalezaTests.release.xcconfig */,
			);
			path = Pods;
			sourceTree = "<group>";
		};
		5B5FF8561E3CF4451E4E69D2 /* Frameworks */ = {
			isa = PBXGroup;
			children = (
				822A4C14BF8E4882ACDA465A /* libPods-ConectadoNaturaleza.a */,
				7E3CD8C138D5BB68C0DD7438 /* libPods-ConectadoNaturaleza-ConectadoNaturalezaUITests.a */,
				E76B344C6D985354669A4D2F /* libPods-ConectadoNaturalezaTests.a */,
			);
			name = Frameworks;
			sourceTree = "<group>";
		};
		B3A7F428244A316400745329 = {
			isa = PBXGroup;
			children = (
				B3A7F433244A316400745329 /* ConectadoNaturaleza */,
				B3A7F44A244A316600745329 /* ConectadoNaturalezaTests */,
				B3A7F455244A316600745329 /* ConectadoNaturalezaUITests */,
				B3A7F432244A316400745329 /* Products */,
				34C171E4BBA3CB9EC74C07CC /* Pods */,
				5B5FF8561E3CF4451E4E69D2 /* Frameworks */,
			);
			sourceTree = "<group>";
		};
		B3A7F432244A316400745329 /* Products */ = {
			isa = PBXGroup;
			children = (
				B3A7F431244A316400745329 /* ConectadoNaturaleza.app */,
				B3A7F447244A316600745329 /* ConectadoNaturalezaTests.xctest */,
				B3A7F452244A316600745329 /* ConectadoNaturalezaUITests.xctest */,
			);
			name = Products;
			sourceTree = "<group>";
		};
		B3A7F433244A316400745329 /* ConectadoNaturaleza */ = {
			isa = PBXGroup;
			children = (
				B3A7F464244A31D400745329 /* Resource */,
				B3A7F434244A316400745329 /* AppDelegate.swift */,
				B3A7F436244A316400745329 /* SceneDelegate.swift */,
				B3A7F438244A316400745329 /* ViewController.swift */,
				B3A7F43A244A316400745329 /* Main.storyboard */,
				B3A7F43D244A316600745329 /* Assets.xcassets */,
				B3A7F43F244A316600745329 /* LaunchScreen.storyboard */,
				B3A7F442244A316600745329 /* Info.plist */,
			);
			path = ConectadoNaturaleza;
			sourceTree = "<group>";
		};
		B3A7F44A244A316600745329 /* ConectadoNaturalezaTests */ = {
			isa = PBXGroup;
			children = (
				B3A7F44B244A316600745329 /* ConectadoNaturalezaTests.swift */,
				B3A7F44D244A316600745329 /* Info.plist */,
			);
			path = ConectadoNaturalezaTests;
			sourceTree = "<group>";
		};
		B3A7F455244A316600745329 /* ConectadoNaturalezaUITests */ = {
			isa = PBXGroup;
			children = (
				B3A7F456244A316600745329 /* ConectadoNaturalezaUITests.swift */,
				B3A7F458244A316600745329 /* Info.plist */,
			);
			path = ConectadoNaturalezaUITests;
			sourceTree = "<group>";
		};
		B3A7F464244A31D400745329 /* Resource */ = {
			isa = PBXGroup;
			children = (
				B3A7F465244A31DE00745329 /* Colors */,
			);
			path = Resource;
			sourceTree = "<group>";
		};
		B3A7F465244A31DE00745329 /* Colors */ = {
			isa = PBXGroup;
			children = (
				B3A7F466244A31FF00745329 /* Colors.xcassets */,
			);
			path = Colors;
			sourceTree = "<group>";
		};
/* End PBXGroup section */

/* Begin PBXNativeTarget section */
		B3A7F430244A316400745329 /* ConectadoNaturaleza */ = {
			isa = PBXNativeTarget;
			buildConfigurationList = B3A7F45B244A316600745329 /* Build configuration list for PBXNativeTarget "ConectadoNaturaleza" */;
			buildPhases = (
				919B6E66EAC50875951144AE /* [CP] Check Pods Manifest.lock */,
				B3A7F42D244A316400745329 /* Sources */,
				B3A7F42E244A316400745329 /* Frameworks */,
				B3A7F42F244A316400745329 /* Resources */,
			);
			buildRules = (
			);
			dependencies = (
			);
			name = ConectadoNaturaleza;
			productName = ConectadoNaturaleza;
			productReference = B3A7F431244A316400745329 /* ConectadoNaturaleza.app */;
			productType = "com.apple.product-type.application";
		};
		B3A7F446244A316600745329 /* ConectadoNaturalezaTests */ = {
			isa = PBXNativeTarget;
			buildConfigurationList = B3A7F45E244A316600745329 /* Build configuration list for PBXNativeTarget "ConectadoNaturalezaTests" */;
			buildPhases = (
				4756FF814A2B9115E9745C0A /* [CP] Check Pods Manifest.lock */,
				B3A7F443244A316600745329 /* Sources */,
				B3A7F444244A316600745329 /* Frameworks */,
				B3A7F445244A316600745329 /* Resources */,
			);
			buildRules = (
			);
			dependencies = (
				B3A7F449244A316600745329 /* PBXTargetDependency */,
			);
			name = ConectadoNaturalezaTests;
			productName = ConectadoNaturalezaTests;
			productReference = B3A7F447244A316600745329 /* ConectadoNaturalezaTests.xctest */;
			productType = "com.apple.product-type.bundle.unit-test";
		};
		B3A7F451244A316600745329 /* ConectadoNaturalezaUITests */ = {
			isa = PBXNativeTarget;
			buildConfigurationList = B3A7F461244A316600745329 /* Build configuration list for PBXNativeTarget "ConectadoNaturalezaUITests" */;
			buildPhases = (
				EC5CA778626797D22EF30CF5 /* [CP] Check Pods Manifest.lock */,
				B3A7F44E244A316600745329 /* Sources */,
				B3A7F44F244A316600745329 /* Frameworks */,
				B3A7F450244A316600745329 /* Resources */,
			);
			buildRules = (
			);
			dependencies = (
				B3A7F454244A316600745329 /* PBXTargetDependency */,
			);
			name = ConectadoNaturalezaUITests;
			productName = ConectadoNaturalezaUITests;
			productReference = B3A7F452244A316600745329 /* ConectadoNaturalezaUITests.xctest */;
			productType = "com.apple.product-type.bundle.ui-testing";
		};
/* End PBXNativeTarget section */

/* Begin PBXProject section */
		B3A7F429244A316400745329 /* Project object */ = {
			isa = PBXProject;
			attributes = {
				LastSwiftUpdateCheck = 1140;
				LastUpgradeCheck = 1140;
				ORGANIZATIONNAME = "Marisol Perez Rangel";
				TargetAttributes = {
					B3A7F430244A316400745329 = {
						CreatedOnToolsVersion = 11.4;
					};
					B3A7F446244A316600745329 = {
						CreatedOnToolsVersion = 11.4;
						TestTargetID = B3A7F430244A316400745329;
					};
					B3A7F451244A316600745329 = {
						CreatedOnToolsVersion = 11.4;
						TestTargetID = B3A7F430244A316400745329;
					};
				};
			};
			buildConfigurationList = B3A7F42C244A316400745329 /* Build configuration list for PBXProject "ConectadoNaturaleza" */;
			compatibilityVersion = "Xcode 9.3";
			developmentRegion = en;
			hasScannedForEncodings = 0;
			knownRegions = (
				en,
				Base,
			);
			mainGroup = B3A7F428244A316400745329;
			productRefGroup = B3A7F432244A316400745329 /* Products */;
			projectDirPath = "";
			projectRoot = "";
			targets = (
				B3A7F430244A316400745329 /* ConectadoNaturaleza */,
				B3A7F446244A316600745329 /* ConectadoNaturalezaTests */,
				B3A7F451244A316600745329 /* ConectadoNaturalezaUITests */,
			);
		};
/* End PBXProject section */

/* Begin PBXResourcesBuildPhase section */
		B3A7F42F244A316400745329 /* Resources */ = {
			isa = PBXResourcesBuildPhase;
			buildActionMask = 2147483647;
			files = (
				B3A7F441244A316600745329 /* LaunchScreen.storyboard in Resources */,
				B3A7F467244A31FF00745329 /* Colors.xcassets in Resources */,
				B3A7F43E244A316600745329 /* Assets.xcassets in Resources */,
				B3A7F43C244A316400745329 /* Main.storyboard in Resources */,
			);
			runOnlyForDeploymentPostprocessing = 0;
		};
		B3A7F445244A316600745329 /* Resources */ = {
			isa = PBXResourcesBuildPhase;
			buildActionMask = 2147483647;
			files = (
			);
			runOnlyForDeploymentPostprocessing = 0;
		};
		B3A7F450244A316600745329 /* Resources */ = {
			isa = PBXResourcesBuildPhase;
			buildActionMask = 2147483647;
			files = (
			);
			runOnlyForDeploymentPostprocessing = 0;
		};
/* End PBXResourcesBuildPhase section */

/* Begin PBXShellScriptBuildPhase section */
		4756FF814A2B9115E9745C0A /* [CP] Check Pods Manifest.lock */ = {
			isa = PBXShellScriptBuildPhase;
			buildActionMask = 2147483647;
			files = (
			);
			inputFileListPaths = (
			);
			inputPaths = (
				"${PODS_PODFILE_DIR_PATH}/Podfile.lock",
				"${PODS_ROOT}/Manifest.lock",
			);
			name = "[CP] Check Pods Manifest.lock";
			outputFileListPaths = (
			);
			outputPaths = (
				"$(DERIVED_FILE_DIR)/Pods-ConectadoNaturalezaTests-checkManifestLockResult.txt",
			);
			runOnlyForDeploymentPostprocessing = 0;
			shellPath = /bin/sh;
			shellScript = "diff \"${PODS_PODFILE_DIR_PATH}/Podfile.lock\" \"${PODS_ROOT}/Manifest.lock\" > /dev/null\nif [ $? != 0 ] ; then\n    # print error to STDERR\n    echo \"error: The sandbox is not in sync with the Podfile.lock. Run 'pod install' or update your CocoaPods installation.\" >&2\n    exit 1\nfi\n# This output is used by Xcode 'outputs' to avoid re-running this script phase.\necho \"SUCCESS\" > \"${SCRIPT_OUTPUT_FILE_0}\"\n";
			showEnvVarsInLog = 0;
		};
		919B6E66EAC50875951144AE /* [CP] Check Pods Manifest.lock */ = {
			isa = PBXShellScriptBuildPhase;
			buildActionMask = 2147483647;
			files = (
			);
			inputFileListPaths = (
			);
			inputPaths = (
				"${PODS_PODFILE_DIR_PATH}/Podfile.lock",
				"${PODS_ROOT}/Manifest.lock",
			);
			name = "[CP] Check Pods Manifest.lock";
			outputFileListPaths = (
			);
			outputPaths = (
				"$(DERIVED_FILE_DIR)/Pods-ConectadoNaturaleza-checkManifestLockResult.txt",
			);
			runOnlyForDeploymentPostprocessing = 0;
			shellPath = /bin/sh;
			shellScript = "diff \"${PODS_PODFILE_DIR_PATH}/Podfile.lock\" \"${PODS_ROOT}/Manifest.lock\" > /dev/null\nif [ $? != 0 ] ; then\n    # print error to STDERR\n    echo \"error: The sandbox is not in sync with the Podfile.lock. Run 'pod install' or update your CocoaPods installation.\" >&2\n    exit 1\nfi\n# This output is used by Xcode 'outputs' to avoid re-running this script phase.\necho \"SUCCESS\" > \"${SCRIPT_OUTPUT_FILE_0}\"\n";
			showEnvVarsInLog = 0;
		};
		EC5CA778626797D22EF30CF5 /* [CP] Check Pods Manifest.lock */ = {
			isa = PBXShellScriptBuildPhase;
			buildActionMask = 2147483647;
			files = (
			);
			inputFileListPaths = (
			);
			inputPaths = (
				"${PODS_PODFILE_DIR_PATH}/Podfile.lock",
				"${PODS_ROOT}/Manifest.lock",
			);
			name = "[CP] Check Pods Manifest.lock";
			outputFileListPaths = (
			);
			outputPaths = (
				"$(DERIVED_FILE_DIR)/Pods-ConectadoNaturaleza-ConectadoNaturalezaUITests-checkManifestLockResult.txt",
			);
			runOnlyForDeploymentPostprocessing = 0;
			shellPath = /bin/sh;
			shellScript = "diff \"${PODS_PODFILE_DIR_PATH}/Podfile.lock\" \"${PODS_ROOT}/Manifest.lock\" > /dev/null\nif [ $? != 0 ] ; then\n    # print error to STDERR\n    echo \"error: The sandbox is not in sync with the Podfile.lock. Run 'pod install' or update your CocoaPods installation.\" >&2\n    exit 1\nfi\n# This output is used by Xcode 'outputs' to avoid re-running this script phase.\necho \"SUCCESS\" > \"${SCRIPT_OUTPUT_FILE_0}\"\n";
			showEnvVarsInLog = 0;
		};
/* End PBXShellScriptBuildPhase section */

/* Begin PBXSourcesBuildPhase section */
		B3A7F42D244A316400745329 /* Sources */ = {
			isa = PBXSourcesBuildPhase;
			buildActionMask = 2147483647;
			files = (
				B3A7F439244A316400745329 /* ViewController.swift in Sources */,
				B3A7F435244A316400745329 /* AppDelegate.swift in Sources */,
				B3A7F437244A316400745329 /* SceneDelegate.swift in Sources */,
			);
			runOnlyForDeploymentPostprocessing = 0;
		};
		B3A7F443244A316600745329 /* Sources */ = {
			isa = PBXSourcesBuildPhase;
			buildActionMask = 2147483647;
			files = (
				B3A7F44C244A316600745329 /* ConectadoNaturalezaTests.swift in Sources */,
			);
			runOnlyForDeploymentPostprocessing = 0;
		};
		B3A7F44E244A316600745329 /* Sources */ = {
			isa = PBXSourcesBuildPhase;
			buildActionMask = 2147483647;
			files = (
				B3A7F457244A316600745329 /* ConectadoNaturalezaUITests.swift in Sources */,
			);
			runOnlyForDeploymentPostprocessing = 0;
		};
/* End PBXSourcesBuildPhase section */

/* Begin PBXTargetDependency section */
		B3A7F449244A316600745329 /* PBXTargetDependency */ = {
			isa = PBXTargetDependency;
			target = B3A7F430244A316400745329 /* ConectadoNaturaleza */;
			targetProxy = B3A7F448244A316600745329 /* PBXContainerItemProxy */;
		};
		B3A7F454244A316600745329 /* PBXTargetDependency */ = {
			isa = PBXTargetDependency;
			target = B3A7F430244A316400745329 /* ConectadoNaturaleza */;
			targetProxy = B3A7F453244A316600745329 /* PBXContainerItemProxy */;
		};
/* End PBXTargetDependency section */

/* Begin PBXVariantGroup section */
		B3A7F43A244A316400745329 /* Main.storyboard */ = {
			isa = PBXVariantGroup;
			children = (
				B3A7F43B244A316400745329 /* Base */,
			);
			name = Main.storyboard;
			sourceTree = "<group>";
		};
		B3A7F43F244A316600745329 /* LaunchScreen.storyboard */ = {
			isa = PBXVariantGroup;
			children = (
				B3A7F440244A316600745329 /* Base */,
			);
			name = LaunchScreen.storyboard;
			sourceTree = "<group>";
		};
/* End PBXVariantGroup section */

/* Begin XCBuildConfiguration section */
		B3A7F459244A316600745329 /* Debug */ = {
			isa = XCBuildConfiguration;
			buildSettings = {
				ALWAYS_SEARCH_USER_PATHS = NO;
				CLANG_ANALYZER_NONNULL = YES;
				CLANG_ANALYZER_NUMBER_OBJECT_CONVERSION = YES_AGGRESSIVE;
				CLANG_CXX_LANGUAGE_STANDARD = "gnu++14";
				CLANG_CXX_LIBRARY = "libc++";
				CLANG_ENABLE_MODULES = YES;
				CLANG_ENABLE_OBJC_ARC = YES;
				CLANG_ENABLE_OBJC_WEAK = YES;
				CLANG_WARN_BLOCK_CAPTURE_AUTORELEASING = YES;
				CLANG_WARN_BOOL_CONVERSION = YES;
				CLANG_WARN_COMMA = YES;
				CLANG_WARN_CONSTANT_CONVERSION = YES;
				CLANG_WARN_DEPRECATED_OBJC_IMPLEMENTATIONS = YES;
				CLANG_WARN_DIRECT_OBJC_ISA_USAGE = YES_ERROR;
				CLANG_WARN_DOCUMENTATION_COMMENTS = YES;
				CLANG_WARN_EMPTY_BODY = YES;
				CLANG_WARN_ENUM_CONVERSION = YES;
				CLANG_WARN_INFINITE_RECURSION = YES;
				CLANG_WARN_INT_CONVERSION = YES;
				CLANG_WARN_NON_LITERAL_NULL_CONVERSION = YES;
				CLANG_WARN_OBJC_IMPLICIT_RETAIN_SELF = YES;
				CLANG_WARN_OBJC_LITERAL_CONVERSION = YES;
				CLANG_WARN_OBJC_ROOT_CLASS = YES_ERROR;
				CLANG_WARN_RANGE_LOOP_ANALYSIS = YES;
				CLANG_WARN_STRICT_PROTOTYPES = YES;
				CLANG_WARN_SUSPICIOUS_MOVE = YES;
				CLANG_WARN_UNGUARDED_AVAILABILITY = YES_AGGRESSIVE;
				CLANG_WARN_UNREACHABLE_CODE = YES;
				CLANG_WARN__DUPLICATE_METHOD_MATCH = YES;
				COPY_PHASE_STRIP = NO;
				DEBUG_INFORMATION_FORMAT = dwarf;
				ENABLE_STRICT_OBJC_MSGSEND = YES;
				ENABLE_TESTABILITY = YES;
				GCC_C_LANGUAGE_STANDARD = gnu11;
				GCC_DYNAMIC_NO_PIC = NO;
				GCC_NO_COMMON_BLOCKS = YES;
				GCC_OPTIMIZATION_LEVEL = 0;
				GCC_PREPROCESSOR_DEFINITIONS = (
					"DEBUG=1",
					"$(inherited)",
				);
				GCC_WARN_64_TO_32_BIT_CONVERSION = YES;
				GCC_WARN_ABOUT_RETURN_TYPE = YES_ERROR;
				GCC_WARN_UNDECLARED_SELECTOR = YES;
				GCC_WARN_UNINITIALIZED_AUTOS = YES_AGGRESSIVE;
				GCC_WARN_UNUSED_FUNCTION = YES;
				GCC_WARN_UNUSED_VARIABLE = YES;
				IPHONEOS_DEPLOYMENT_TARGET = 13.4;
				MTL_ENABLE_DEBUG_INFO = INCLUDE_SOURCE;
				MTL_FAST_MATH = YES;
				ONLY_ACTIVE_ARCH = YES;
				SDKROOT = iphoneos;
				SWIFT_ACTIVE_COMPILATION_CONDITIONS = DEBUG;
				SWIFT_OPTIMIZATION_LEVEL = "-Onone";
			};
			name = Debug;
		};
		B3A7F45A244A316600745329 /* Release */ = {
			isa = XCBuildConfiguration;
			buildSettings = {
				ALWAYS_SEARCH_USER_PATHS = NO;
				CLANG_ANALYZER_NONNULL = YES;
				CLANG_ANALYZER_NUMBER_OBJECT_CONVERSION = YES_AGGRESSIVE;
				CLANG_CXX_LANGUAGE_STANDARD = "gnu++14";
				CLANG_CXX_LIBRARY = "libc++";
				CLANG_ENABLE_MODULES = YES;
				CLANG_ENABLE_OBJC_ARC = YES;
				CLANG_ENABLE_OBJC_WEAK = YES;
				CLANG_WARN_BLOCK_CAPTURE_AUTORELEASING = YES;
				CLANG_WARN_BOOL_CONVERSION = YES;
				CLANG_WARN_COMMA = YES;
				CLANG_WARN_CONSTANT_CONVERSION = YES;
				CLANG_WARN_DEPRECATED_OBJC_IMPLEMENTATIONS = YES;
				CLANG_WARN_DIRECT_OBJC_ISA_USAGE = YES_ERROR;
				CLANG_WARN_DOCUMENTATION_COMMENTS = YES;
				CLANG_WARN_EMPTY_BODY = YES;
				CLANG_WARN_ENUM_CONVERSION = YES;
				CLANG_WARN_INFINITE_RECURSION = YES;
				CLANG_WARN_INT_CONVERSION = YES;
				CLANG_WARN_NON_LITERAL_NULL_CONVERSION = YES;
				CLANG_WARN_OBJC_IMPLICIT_RETAIN_SELF = YES;
				CLANG_WARN_OBJC_LITERAL_CONVERSION = YES;
				CLANG_WARN_OBJC_ROOT_CLASS = YES_ERROR;
				CLANG_WARN_RANGE_LOOP_ANALYSIS = YES;
				CLANG_WARN_STRICT_PROTOTYPES = YES;
				CLANG_WARN_SUSPICIOUS_MOVE = YES;
				CLANG_WARN_UNGUARDED_AVAILABILITY = YES_AGGRESSIVE;
				CLANG_WARN_UNREACHABLE_CODE = YES;
				CLANG_WARN__DUPLICATE_METHOD_MATCH = YES;
				COPY_PHASE_STRIP = NO;
				DEBUG_INFORMATION_FORMAT = "dwarf-with-dsym";
				ENABLE_NS_ASSERTIONS = NO;
				ENABLE_STRICT_OBJC_MSGSEND = YES;
				GCC_C_LANGUAGE_STANDARD = gnu11;
				GCC_NO_COMMON_BLOCKS = YES;
				GCC_WARN_64_TO_32_BIT_CONVERSION = YES;
				GCC_WARN_ABOUT_RETURN_TYPE = YES_ERROR;
				GCC_WARN_UNDECLARED_SELECTOR = YES;
				GCC_WARN_UNINITIALIZED_AUTOS = YES_AGGRESSIVE;
				GCC_WARN_UNUSED_FUNCTION = YES;
				GCC_WARN_UNUSED_VARIABLE = YES;
				IPHONEOS_DEPLOYMENT_TARGET = 13.4;
				MTL_ENABLE_DEBUG_INFO = NO;
				MTL_FAST_MATH = YES;
				SDKROOT = iphoneos;
				SWIFT_COMPILATION_MODE = wholemodule;
				SWIFT_OPTIMIZATION_LEVEL = "-O";
				VALIDATE_PRODUCT = YES;
			};
			name = Release;
		};
		B3A7F45C244A316600745329 /* Debug */ = {
			isa = XCBuildConfiguration;
			baseConfigurationReference = 3C688608089BB03369B7D1F8 /* Pods-ConectadoNaturaleza.debug.xcconfig */;
			buildSettings = {
				ASSETCATALOG_COMPILER_APPICON_NAME = AppIcon;
				CODE_SIGN_STYLE = Automatic;
				INFOPLIST_FILE = ConectadoNaturaleza/Info.plist;
				LD_RUNPATH_SEARCH_PATHS = (
					"$(inherited)",
					"@executable_path/Frameworks",
				);
				PRODUCT_BUNDLE_IDENTIFIER = com.everis.practicas.ConectadoNaturaleza;
				PRODUCT_NAME = "$(TARGET_NAME)";
				SWIFT_VERSION = 5.0;
				TARGETED_DEVICE_FAMILY = "1,2";
			};
			name = Debug;
		};
		B3A7F45D244A316600745329 /* Release */ = {
			isa = XCBuildConfiguration;
			baseConfigurationReference = AB850A2CF72A7AE340458F24 /* Pods-ConectadoNaturaleza.release.xcconfig */;
			buildSettings = {
				ASSETCATALOG_COMPILER_APPICON_NAME = AppIcon;
				CODE_SIGN_STYLE = Automatic;
				INFOPLIST_FILE = ConectadoNaturaleza/Info.plist;
				LD_RUNPATH_SEARCH_PATHS = (
					"$(inherited)",
					"@executable_path/Frameworks",
				);
				PRODUCT_BUNDLE_IDENTIFIER = com.everis.practicas.ConectadoNaturaleza;
				PRODUCT_NAME = "$(TARGET_NAME)";
				SWIFT_VERSION = 5.0;
				TARGETED_DEVICE_FAMILY = "1,2";
			};
			name = Release;
		};
		B3A7F45F244A316600745329 /* Debug */ = {
			isa = XCBuildConfiguration;
			baseConfigurationReference = 41E8D9600994690B44DE02A0 /* Pods-ConectadoNaturalezaTests.debug.xcconfig */;
			buildSettings = {
				ALWAYS_EMBED_SWIFT_STANDARD_LIBRARIES = YES;
				BUNDLE_LOADER = "$(TEST_HOST)";
				CODE_SIGN_STYLE = Automatic;
				INFOPLIST_FILE = ConectadoNaturalezaTests/Info.plist;
				IPHONEOS_DEPLOYMENT_TARGET = 13.4;
				LD_RUNPATH_SEARCH_PATHS = (
					"$(inherited)",
					"@executable_path/Frameworks",
					"@loader_path/Frameworks",
				);
				PRODUCT_BUNDLE_IDENTIFIER = com.everis.practicas.ConectadoNaturalezaTests;
				PRODUCT_NAME = "$(TARGET_NAME)";
				SWIFT_VERSION = 5.0;
				TARGETED_DEVICE_FAMILY = "1,2";
				TEST_HOST = "$(BUILT_PRODUCTS_DIR)/ConectadoNaturaleza.app/ConectadoNaturaleza";
			};
			name = Debug;
		};
		B3A7F460244A316600745329 /* Release */ = {
			isa = XCBuildConfiguration;
			baseConfigurationReference = CC72CD07AAF8656149DA62D2 /* Pods-ConectadoNaturalezaTests.release.xcconfig */;
			buildSettings = {
				ALWAYS_EMBED_SWIFT_STANDARD_LIBRARIES = YES;
				BUNDLE_LOADER = "$(TEST_HOST)";
				CODE_SIGN_STYLE = Automatic;
				INFOPLIST_FILE = ConectadoNaturalezaTests/Info.plist;
				IPHONEOS_DEPLOYMENT_TARGET = 13.4;
				LD_RUNPATH_SEARCH_PATHS = (
					"$(inherited)",
					"@executable_path/Frameworks",
					"@loader_path/Frameworks",
				);
				PRODUCT_BUNDLE_IDENTIFIER = com.everis.practicas.ConectadoNaturalezaTests;
				PRODUCT_NAME = "$(TARGET_NAME)";
				SWIFT_VERSION = 5.0;
				TARGETED_DEVICE_FAMILY = "1,2";
				TEST_HOST = "$(BUILT_PRODUCTS_DIR)/ConectadoNaturaleza.app/ConectadoNaturaleza";
			};
			name = Release;
		};
		B3A7F462244A316600745329 /* Debug */ = {
			isa = XCBuildConfiguration;
			baseConfigurationReference = E8407B004496644BF63CB03B /* Pods-ConectadoNaturaleza-ConectadoNaturalezaUITests.debug.xcconfig */;
			buildSettings = {
				ALWAYS_EMBED_SWIFT_STANDARD_LIBRARIES = YES;
				CODE_SIGN_STYLE = Automatic;
				INFOPLIST_FILE = ConectadoNaturalezaUITests/Info.plist;
				LD_RUNPATH_SEARCH_PATHS = (
					"$(inherited)",
					"@executable_path/Frameworks",
					"@loader_path/Frameworks",
				);
				PRODUCT_BUNDLE_IDENTIFIER = com.everis.practicas.ConectadoNaturalezaUITests;
				PRODUCT_NAME = "$(TARGET_NAME)";
				SWIFT_VERSION = 5.0;
				TARGETED_DEVICE_FAMILY = "1,2";
				TEST_TARGET_NAME = ConectadoNaturaleza;
			};
			name = Debug;
		};
		B3A7F463244A316600745329 /* Release */ = {
			isa = XCBuildConfiguration;
			baseConfigurationReference = 1CA8404D3D372E6423E232D4 /* Pods-ConectadoNaturaleza-ConectadoNaturalezaUITests.release.xcconfig */;
			buildSettings = {
				ALWAYS_EMBED_SWIFT_STANDARD_LIBRARIES = YES;
				CODE_SIGN_STYLE = Automatic;
				INFOPLIST_FILE = ConectadoNaturalezaUITests/Info.plist;
				LD_RUNPATH_SEARCH_PATHS = (
					"$(inherited)",
					"@executable_path/Frameworks",
					"@loader_path/Frameworks",
				);
				PRODUCT_BUNDLE_IDENTIFIER = com.everis.practicas.ConectadoNaturalezaUITests;
				PRODUCT_NAME = "$(TARGET_NAME)";
				SWIFT_VERSION = 5.0;
				TARGETED_DEVICE_FAMILY = "1,2";
				TEST_TARGET_NAME = ConectadoNaturaleza;
			};
			name = Release;
		};
/* End XCBuildConfiguration section */

/* Begin XCConfigurationList section */
		B3A7F42C244A316400745329 /* Build configuration list for PBXProject "ConectadoNaturaleza" */ = {
			isa = XCConfigurationList;
			buildConfigurations = (
				B3A7F459244A316600745329 /* Debug */,
				B3A7F45A244A316600745329 /* Release */,
			);
			defaultConfigurationIsVisible = 0;
			defaultConfigurationName = Release;
		};
		B3A7F45B244A316600745329 /* Build configuration list for PBXNativeTarget "ConectadoNaturaleza" */ = {
			isa = XCConfigurationList;
			buildConfigurations = (
				B3A7F45C244A316600745329 /* Debug */,
				B3A7F45D244A316600745329 /* Release */,
			);
			defaultConfigurationIsVisible = 0;
			defaultConfigurationName = Release;
		};
		B3A7F45E244A316600745329 /* Build configuration list for PBXNativeTarget "ConectadoNaturalezaTests" */ = {
			isa = XCConfigurationList;
			buildConfigurations = (
				B3A7F45F244A316600745329 /* Debug */,
				B3A7F460244A316600745329 /* Release */,
			);
			defaultConfigurationIsVisible = 0;
			defaultConfigurationName = Release;
		};
		B3A7F461244A316600745329 /* Build configuration list for PBXNativeTarget "ConectadoNaturalezaUITests" */ = {
			isa = XCConfigurationList;
			buildConfigurations = (
				B3A7F462244A316600745329 /* Debug */,
				B3A7F463244A316600745329 /* Release */,
			);
			defaultConfigurationIsVisible = 0;
			defaultConfigurationName = Release;
		};
/* End XCConfigurationList section */
	};
	rootObject = B3A7F429244A316400745329 /* Project object */;
}
